
Microsoft Visual Studio Solution File, Format Version 12.00
# Visual Studio Version 17
VisualStudioVersion = 17.14.36511.14 d17.14
MinimumVisualStudioVersion = 10.0.40219.1
Project("{FAE04EC0-301F-11D3-BF4B-00C04F79EFBC}") = "MovieTab", "MovieTab.csproj", "{E29D8DB8-FA21-4F26-9C42-3C0466E1901A}"
EndProject
Global
	GlobalSection(SolutionConfigurationPlatforms) = preSolution
		Debug|Any CPU = Debug|Any CPU
		Release|Any CPU = Release|Any CPU
	EndGlobalSection
	GlobalSection(ProjectConfigurationPlatforms) = postSolution
		{E29D8DB8-FA21-4F26-9C42-3C0466E1901A}.Debug|Any CPU.ActiveCfg = Debug|Any CPU
		{E29D8DB8-FA21-4F26-9C42-3C0466E1901A}.Debug|Any CPU.Build.0 = Debug|Any CPU
		{E29D8DB8-FA21-4F26-9C42-3C0466E1901A}.Release|Any CPU.ActiveCfg = Release|Any CPU
		{E29D8DB8-FA21-4F26-9C42-3C0466E1901A}.Release|Any CPU.Build.0 = Release|Any CPU
	EndGlobalSection
	GlobalSection(SolutionProperties) = preSolution
		HideSolutionNode = FALSE
	EndGlobalSection
	GlobalSection(ExtensibilityGlobals) = postSolution
		SolutionGuid = {1A037DA6-8065-4E57-9884-1C519BD28E24}
	EndGlobalSection
EndGlobal
